{
  "requires": true,
  "lockfileVersion": 1,
  "dependencies": {
    "@vue/composition-api": {
      "version": "1.0.0-rc.12",
      "resolved": "https://registry.npmjs.org/@vue/composition-api/-/composition-api-1.0.0-rc.12.tgz",
      "integrity": "sha512-b5CLnxza4hbCZB1FeOgutYHJI24u6DL8Z1edilAJa3apVgC1PNSgIk1maQOYC9DoEO0V1KK9H6mEdkuPMJJw1g==",
      "requires": {
        "tslib": "^2.2.0"
      }
    },
    "tslib": {
      "version": "2.3.0",
      "resolved": "https://registry.npmjs.org/tslib/-/tslib-2.3.0.tgz",
      "integrity": "sha512-N82ooyxVNm6h1riLCoyS9e3fuJ3AMG2zIZs2Gd1ATcSFjSA23Q0fzjjZeh0jbJvWVDZ0cJT8yaNNaaXHzueNjg=="
    }
  }
}
